<?xml version="1.0" encoding="utf-8"?>
<Project ToolsVersion="4.0" xmlns="http://schemas.microsoft.com/developer/msbuild/2003">
  <ItemGroup>
    <Filter Include="Resource Files">
      <UniqueIdentifier>{67DA6AB6-F800-4c08-8B7A-83BB121AAD01}</UniqueIdentifier>
      <Extensions>rc;ico;cur;bmp;dlg;rc2;rct;bin;rgs;gif;jpg;jpeg;jpe;resx;tiff;tif;png;wav;mfcribbon-ms</Extensions>
    </Filter>
    <Filter Include="Framework Files">
      <UniqueIdentifier>{93995380-89BD-4b04-88EB-625FBE52EBFB}</UniqueIdentifier>
      <Extensions>h;hh;hpp;hxx;h++;hm;inl;inc;ipp;xsd</Extensions>
    </Filter>
    <Filter Include="Game Files">
      <UniqueIdentifier>{4FC737F1-C7A5-4376-A066-2A32D752A2FF}</UniqueIdentifier>
      <Extensions>cpp;c;cc;cxx;c++;cppm;ixx;def;odl;idl;hpj;bat;asm;asmx</Extensions>
    </Filter>
    <Filter Include="Game Files\Blocks">
      <UniqueIdentifier>{62575d6c-6071-4a1e-a898-bf23818de6a6}</UniqueIdentifier>
    </Filter>
    <Filter Include="Game Files\Actors">
      <UniqueIdentifier>{8aaa5861-d965-41e6-a25c-d982a5e678ce}</UniqueIdentifier>
    </Filter>
    <Filter Include="Game Files\Actors\Bullets">
      <UniqueIdentifier>{c5b4ac46-9f65-45d6-98ae-be824c54c248}</UniqueIdentifier>
    </Filter>
    <Filter Include="Game Files\Actors\Enemies">
      <UniqueIdentifier>{de8ad251-a3e3-421c-8d5c-3a9b9ef24ca2}</UniqueIdentifier>
    </Filter>
    <Filter Include="Game Files\Triggers">
      <UniqueIdentifier>{a2ee500f-c06c-4de2-9c6c-bd8714e7d87c}</UniqueIdentifier>
    </Filter>
    <Filter Include="Game Files\Items">
      <UniqueIdentifier>{a9b288d6-302f-4c8f-bc03-a11a543b31b6}</UniqueIdentifier>
    </Filter>
  </ItemGroup>
  <ItemGroup>
    <ClCompile Include="Core.cpp">
      <Filter>Framework Files</Filter>
    </ClCompile>
    <ClCompile Include="Matrix2x3.cpp">
      <Filter>Framework Files</Filter>
    </ClCompile>
    <ClCompile Include="pch.cpp">
      <Filter>Framework Files</Filter>
    </ClCompile>
    <ClCompile Include="SoundEffect.cpp">
      <Filter>Framework Files</Filter>
    </ClCompile>
    <ClCompile Include="SoundStream.cpp">
      <Filter>Framework Files</Filter>
    </ClCompile>
    <ClCompile Include="structs.cpp">
      <Filter>Framework Files</Filter>
    </ClCompile>
    <ClCompile Include="SVGParser.cpp">
      <Filter>Framework Files</Filter>
    </ClCompile>
    <ClCompile Include="Texture.cpp">
      <Filter>Framework Files</Filter>
    </ClCompile>
    <ClCompile Include="utils.cpp">
      <Filter>Framework Files</Filter>
    </ClCompile>
    <ClCompile Include="Vector2f.cpp">
      <Filter>Framework Files</Filter>
    </ClCompile>
    <ClCompile Include="Game.cpp">
      <Filter>Game Files</Filter>
    </ClCompile>
    <ClCompile Include="main.cpp">
      <Filter>Game Files</Filter>
    </ClCompile>
    <ClCompile Include="Sprite.cpp">
      <Filter>Game Files</Filter>
    </ClCompile>
    <ClCompile Include="GameObject.cpp">
      <Filter>Game Files</Filter>
    </ClCompile>
    <ClCompile Include="CollidableTile.cpp">
      <Filter>Game Files\Blocks</Filter>
    </ClCompile>
    <ClCompile Include="Tile.cpp">
      <Filter>Game Files\Blocks</Filter>
    </ClCompile>
    <ClCompile Include="Actor.cpp">
      <Filter>Game Files\Actors</Filter>
    </ClCompile>
    <ClCompile Include="Player.cpp">
      <Filter>Game Files\Actors</Filter>
    </ClCompile>
    <ClCompile Include="Level.cpp">
      <Filter>Game Files</Filter>
    </ClCompile>
    <ClCompile Include="Tilemap.cpp">
      <Filter>Game Files\Blocks</Filter>
    </ClCompile>
    <ClCompile Include="Camera.cpp">
      <Filter>Game Files</Filter>
    </ClCompile>
    <ClCompile Include="Platform.cpp">
      <Filter>Game Files\Blocks</Filter>
    </ClCompile>
    <ClCompile Include="Bullet.cpp">
      <Filter>Game Files\Actors\Bullets</Filter>
    </ClCompile>
    <ClCompile Include="BulletManager.cpp">
      <Filter>Game Files\Actors\Bullets</Filter>
    </ClCompile>
    <ClCompile Include="Enemy.cpp">
      <Filter>Game Files\Actors\Enemies</Filter>
    </ClCompile>
    <ClCompile Include="Shemum.cpp">
      <Filter>Game Files\Actors\Enemies</Filter>
    </ClCompile>
    <ClCompile Include="EnemyManager.cpp">
      <Filter>Game Files\Actors\Enemies</Filter>
    </ClCompile>
    <ClCompile Include="Spawner.cpp">
      <Filter>Game Files\Triggers</Filter>
    </ClCompile>
    <ClCompile Include="SpawnerManager.cpp">
      <Filter>Game Files\Triggers</Filter>
    </ClCompile>
    <ClCompile Include="HeartPickup.cpp">
      <Filter>Game Files\Items</Filter>
    </ClCompile>
    <ClCompile Include="ItemManager.cpp">
      <Filter>Game Files\Items</Filter>
    </ClCompile>
    <ClCompile Include="Monoeye.cpp">
      <Filter>Game Files\Actors\Enemies</Filter>
    </ClCompile>
    <ClCompile Include="Item.cpp">
      <Filter>Game Files\Items</Filter>
    </ClCompile>
    <ClCompile Include="Harp.cpp">
      <Filter>Game Files\Items</Filter>
    </ClCompile>
    <ClCompile Include="Mallet.cpp">
      <Filter>Game Files\Items</Filter>
    </ClCompile>
    <ClCompile Include="Reaper.cpp">
      <Filter>Game Files\Actors\Enemies</Filter>
    </ClCompile>
    <ClCompile Include="Reapette.cpp">
      <Filter>Game Files\Actors\Enemies</Filter>
    </ClCompile>
    <ClCompile Include="Nettler.cpp">
      <Filter>Game Files\Actors\Enemies</Filter>
    </ClCompile>
    <ClCompile Include="Chalice.cpp">
      <Filter>Game Files\Items</Filter>
    </ClCompile>
    <ClCompile Include="McGoo.cpp">
      <Filter>Game Files\Actors\Enemies</Filter>
    </ClCompile>
    <ClCompile Include="DamageTile.cpp">
      <Filter>Game Files\Blocks</Filter>
    </ClCompile>
    <ClCompile Include="DoorTrigger.cpp">
      <Filter>Game Files\Triggers</Filter>
    </ClCompile>
    <ClCompile Include="DoorManager.cpp">
      <Filter>Game Files\Triggers</Filter>
    </ClCompile>
    <ClCompile Include="Specknose.cpp">
      <Filter>Game Files\Actors\Enemies</Filter>
    </ClCompile>
    <ClCompile Include="Vase.cpp">
      <Filter>Game Files\Items</Filter>
    </ClCompile>
    <ClCompile Include="HUD.cpp">
      <Filter>Game Files</Filter>
    </ClCompile>
    <ClCompile Include="SoundManager.cpp">
      <Filter>Game Files</Filter>
    </ClCompile>
  </ItemGroup>
  <ItemGroup>
    <ClInclude Include="pch.h">
      <Filter>Framework Files</Filter>
    </ClInclude>
    <ClInclude Include="Core.h">
      <Filter>Framework Files</Filter>
    </ClInclude>
    <ClInclude Include="Matrix2x3.h">
      <Filter>Framework Files</Filter>
    </ClInclude>
    <ClInclude Include="SoundEffect.h">
      <Filter>Framework Files</Filter>
    </ClInclude>
    <ClInclude Include="SoundStream.h">
      <Filter>Framework Files</Filter>
    </ClInclude>
    <ClInclude Include="structs.h">
      <Filter>Framework Files</Filter>
    </ClInclude>
    <ClInclude Include="SVGParser.h">
      <Filter>Framework Files</Filter>
    </ClInclude>
    <ClInclude Include="Texture.h">
      <Filter>Framework Files</Filter>
    </ClInclude>
    <ClInclude Include="utils.h">
      <Filter>Framework Files</Filter>
    </ClInclude>
    <ClInclude Include="Vector2f.h">
      <Filter>Framework Files</Filter>
    </ClInclude>
    <ClInclude Include="Game.h">
      <Filter>Game Files</Filter>
    </ClInclude>
    <ClInclude Include="Sprite.h">
      <Filter>Game Files</Filter>
    </ClInclude>
    <ClInclude Include="GameObject.h">
      <Filter>Game Files</Filter>
    </ClInclude>
    <ClInclude Include="CollidableTile.h">
      <Filter>Game Files\Blocks</Filter>
    </ClInclude>
    <ClInclude Include="Tile.h">
      <Filter>Game Files\Blocks</Filter>
    </ClInclude>
    <ClInclude Include="Player.h">
      <Filter>Game Files\Actors</Filter>
    </ClInclude>
    <ClInclude Include="Actor.h">
      <Filter>Game Files\Actors</Filter>
    </ClInclude>
    <ClInclude Include="Level.h">
      <Filter>Game Files</Filter>
    </ClInclude>
    <ClInclude Include="Tilemap.h">
      <Filter>Game Files\Blocks</Filter>
    </ClInclude>
    <ClInclude Include="Camera.h">
      <Filter>Game Files</Filter>
    </ClInclude>
    <ClInclude Include="Platform.h">
      <Filter>Game Files\Blocks</Filter>
    </ClInclude>
    <ClInclude Include="Bullet.h">
      <Filter>Game Files\Actors\Bullets</Filter>
    </ClInclude>
    <ClInclude Include="BulletManager.h">
      <Filter>Game Files\Actors\Bullets</Filter>
    </ClInclude>
    <ClInclude Include="Enemy.h">
      <Filter>Game Files\Actors\Enemies</Filter>
    </ClInclude>
    <ClInclude Include="Shemum.h">
      <Filter>Game Files\Actors\Enemies</Filter>
    </ClInclude>
    <ClInclude Include="EnemyManager.h">
      <Filter>Game Files\Actors\Enemies</Filter>
    </ClInclude>
    <ClInclude Include="Spawner.h">
      <Filter>Game Files\Triggers</Filter>
    </ClInclude>
    <ClInclude Include="HeartPickup.h">
      <Filter>Game Files\Items</Filter>
    </ClInclude>
    <ClInclude Include="ItemManager.h">
      <Filter>Game Files\Items</Filter>
    </ClInclude>
    <ClInclude Include="SpawnerManager.h">
      <Filter>Game Files\Triggers</Filter>
    </ClInclude>
    <ClInclude Include="Monoeye.h">
      <Filter>Game Files\Actors\Enemies</Filter>
    </ClInclude>
    <ClInclude Include="Item.h">
      <Filter>Game Files\Items</Filter>
    </ClInclude>
    <ClInclude Include="Harp.h">
      <Filter>Game Files\Items</Filter>
    </ClInclude>
    <ClInclude Include="Mallet.h">
      <Filter>Game Files\Items</Filter>
    </ClInclude>
    <ClInclude Include="Reaper.h">
      <Filter>Game Files\Actors\Enemies</Filter>
    </ClInclude>
    <ClInclude Include="Reapette.h">
      <Filter>Game Files\Actors\Enemies</Filter>
    </ClInclude>
    <ClInclude Include="Nettler.h">
      <Filter>Game Files\Actors\Enemies</Filter>
    </ClInclude>
    <ClInclude Include="Chalice.h">
      <Filter>Game Files\Items</Filter>
    </ClInclude>
    <ClInclude Include="McGoo.h">
      <Filter>Game Files\Actors\Enemies</Filter>
    </ClInclude>
    <ClInclude Include="DamageTile.h">
      <Filter>Game Files\Blocks</Filter>
    </ClInclude>
    <ClInclude Include="DoorTrigger.h">
      <Filter>Game Files\Triggers</Filter>
    </ClInclude>
    <ClInclude Include="DoorManager.h">
      <Filter>Game Files\Triggers</Filter>
    </ClInclude>
    <ClInclude Include="Specknose.h">
      <Filter>Game Files\Actors\Enemies</Filter>
    </ClInclude>
    <ClInclude Include="Vase.h">
      <Filter>Game Files\Items</Filter>
    </ClInclude>
    <ClInclude Include="HUD.h">
      <Filter>Game Files</Filter>
    </ClInclude>
    <ClInclude Include="SoundManager.h">
      <Filter>Game Files</Filter>
    </ClInclude>
  </ItemGroup>
  <ItemGroup>
    <None Include="resources\Mahieu_Robbe_KidIcarus.xlsx">
      <Filter>Resource Files</Filter>
    </None>
  </ItemGroup>
</Project>